
Microsoft Visual Studio Solution File, Format Version 12.00
# Visual Studio 2015
Project("{FAE04EC0-301F-11D3-BF4B-00C04F79EFBC}") = "Encampment.CSharp.Plugins", "Encampment.CSharp.Plugins.csproj", "{C35BBCE5-394F-9397-6DE7-AB1B43D183A9}"
EndProject
Project("{FAE04EC0-301F-11D3-BF4B-00C04F79EFBC}") = "Encampment.CSharp", "Encampment.CSharp.csproj", "{ECCB4A86-7C28-94AB-4537-57040CCA163F}"
EndProject
Project("{FAE04EC0-301F-11D3-BF4B-00C04F79EFBC}") = "Encampment.CSharp.Editor", "Encampment.CSharp.Editor.csproj", "{529BC4A9-704C-A798-CF14-0F3F089CD3CD}"
EndProject
Global
	GlobalSection(SolutionConfigurationPlatforms) = preSolution
		Debug|Any CPU = Debug|Any CPU
		Release|Any CPU = Release|Any CPU
	EndGlobalSection
	GlobalSection(ProjectConfigurationPlatforms) = postSolution
		{C35BBCE5-394F-9397-6DE7-AB1B43D183A9}.Debug|Any CPU.ActiveCfg = Debug|Any CPU
		{C35BBCE5-394F-9397-6DE7-AB1B43D183A9}.Debug|Any CPU.Build.0 = Debug|Any CPU
		{C35BBCE5-394F-9397-6DE7-AB1B43D183A9}.Release|Any CPU.ActiveCfg = Release|Any CPU
		{C35BBCE5-394F-9397-6DE7-AB1B43D183A9}.Release|Any CPU.Build.0 = Release|Any CPU
		{ECCB4A86-7C28-94AB-4537-57040CCA163F}.Debug|Any CPU.ActiveCfg = Debug|Any CPU
		{ECCB4A86-7C28-94AB-4537-57040CCA163F}.Debug|Any CPU.Build.0 = Debug|Any CPU
		{ECCB4A86-7C28-94AB-4537-57040CCA163F}.Release|Any CPU.ActiveCfg = Release|Any CPU
		{ECCB4A86-7C28-94AB-4537-57040CCA163F}.Release|Any CPU.Build.0 = Release|Any CPU
		{529BC4A9-704C-A798-CF14-0F3F089CD3CD}.Debug|Any CPU.ActiveCfg = Debug|Any CPU
		{529BC4A9-704C-A798-CF14-0F3F089CD3CD}.Debug|Any CPU.Build.0 = Debug|Any CPU
		{529BC4A9-704C-A798-CF14-0F3F089CD3CD}.Release|Any CPU.ActiveCfg = Release|Any CPU
		{529BC4A9-704C-A798-CF14-0F3F089CD3CD}.Release|Any CPU.Build.0 = Release|Any CPU
	EndGlobalSection
	GlobalSection(SolutionProperties) = preSolution
		HideSolutionNode = FALSE
	EndGlobalSection
EndGlobal
